// !$*UTF8*$!
{
	archiveVersion = 1;
	classes = {
	};
	objectVersion = 77;
	objects = {

/* Begin PBXBuildFile section */
		793AFA5C30065D89006598D4 /* Hl7Core in Frameworks */ = {isa = PBXBuildFile; productRef = 793AFA5B30065D89006598D4 /* Hl7Core */; };
		793AFCCA300661DF006598D4 /* Hl7Core in Frameworks */ = {isa = PBXBuildFile; productRef = 793AFCC9300661DF006598D4 /* Hl7Core */; };
		797DB21F3018A308003C57D4 /* Hl7Core in Frameworks */ = {isa = PBXBuildFile; productRef = 797DB21E3018A308003C57D4 /* Hl7Core */; };
		7984080930176333001DECB3 /* Hl7Core in Frameworks */ = {isa = PBXBuildFile; productRef = 7984080830176333001DECB3 /* Hl7Core */; };
		7984080C30176606001DECB3 /* Hl7Core in Frameworks */ = {isa = PBXBuildFile; productRef = 7984080B30176606001DECB3 /* Hl7Core */; };
		7984080F301767D0001DECB3 /* Hl7Core in Frameworks */ = {isa = PBXBuildFile; productRef = 7984080E301767D0001DECB3 /* Hl7Core */; };
		79854EF62FFBD92800CA40F5 /* Hl7Core in Frameworks */ = {isa = PBXBuildFile; productRef = 79854EF52FFBD92800CA40F5 /* Hl7Core */; };
		79A3C41B3032F7620066409B /* Hl7Core in Frameworks */ = {isa = PBXBuildFile; productRef = 79A3C41A3032F7620066409B /* Hl7Core */; };
		79A3C41E303485270066409B /* FirebaseCore in Frameworks */ = {isa = PBXBuildFile; productRef = 79A3C41D303485270066409B /* FirebaseCore */; };
		79A3C420303485270066409B /* FirebaseMessaging in Frameworks */ = {isa = PBXBuildFile; productRef = 79A3C41F303485270066409B /* FirebaseMessaging */; };
		79C738492FF6730400E82B4E /* Hl7Core in Frameworks */ = {isa = PBXBuildFile; productRef = 79C738482FF6730400E82B4E /* Hl7Core */; };
		79C7384C2FF6731E00E82B4E /* Hl7Core in Frameworks */ = {isa = PBXBuildFile; productRef = 79C7384B2FF6731E00E82B4E /* Hl7Core */; };
		88D04D902FD02CEB0079ED80 /* (null) in Frameworks */ = {isa = PBXBuildFile; };
		88E39F8E2FB311C800D6DEA2 /* (null) in Frameworks */ = {isa = PBXBuildFile; settings = {ATTRIBUTES = (Required, ); }; };
		88E39F9D2FB31DAA00D6DEA2 /* UIKit.framework in Frameworks */ = {isa = PBXBuildFile; fileRef = 88E39F9C2FB31DAA00D6DEA2 /* UIKit.framework */; platformFilters = (ios, xros, ); settings = {ATTRIBUTES = (Weak, ); }; };
		88E39F9F2FB31DBA00D6DEA2 /* SwiftUI.framework in Frameworks */ = {isa = PBXBuildFile; fileRef = 88E39F9E2FB31DBA00D6DEA2 /* SwiftUI.framework */; settings = {ATTRIBUTES = (Weak, ); }; };
		88E39FA12FB31DC500D6DEA2 /* Metal.framework in Frameworks */ = {isa = PBXBuildFile; fileRef = 88E39FA02FB31DC500D6DEA2 /* Metal.framework */; settings = {ATTRIBUTES = (Weak, ); }; };
		88E39FA32FB31DD400D6DEA2 /* MetalKit.framework in Frameworks */ = {isa = PBXBuildFile; fileRef = 88E39FA22FB31DD400D6DEA2 /* MetalKit.framework */; settings = {ATTRIBUTES = (Weak, ); }; };
		88E39FA52FB31DDA00D6DEA2 /* AVFoundation.framework in Frameworks */ = {isa = PBXBuildFile; fileRef = 88E39FA42FB31DDA00D6DEA2 /* AVFoundation.framework */; settings = {ATTRIBUTES = (Weak, ); }; };
		88E39FA72FB31DF200D6DEA2 /* CoreMedia.framework in Frameworks */ = {isa = PBXBuildFile; fileRef = 88E39FA62FB31DF200D6DEA2 /* CoreMedia.framework */; settings = {ATTRIBUTES = (Weak, ); }; };
		88E39FA92FB31DFA00D6DEA2 /* CoreVideo.framework in Frameworks */ = {isa = PBXBuildFile; fileRef = 88E39FA82FB31DFA00D6DEA2 /* CoreVideo.framework */; settings = {ATTRIBUTES = (Weak, ); }; };
		88E39FAB2FB31FA500D6DEA2 /* CoreAudio.framework in Frameworks */ = {isa = PBXBuildFile; fileRef = 88E39FAA2FB31FA500D6DEA2 /* CoreAudio.framework */; settings = {ATTRIBUTES = (Weak, ); }; };
/* End PBXBuildFile section */

/* Begin PBXContainerItemProxy section */
		473A490C2EB4F11300EEA905 /* PBXContainerItemProxy */ = {
			isa = PBXContainerItemProxy;
			containerPortal = 473A48ED2EB4F11200EEA905 /* Project object */;
			proxyType = 1;
			remoteGlobalIDString = 473A48F42EB4F11200EEA905;
			remoteInfo = PillCounter;
		};
		473A49162EB4F11300EEA905 /* PBXContainerItemProxy */ = {
			isa = PBXContainerItemProxy;
			containerPortal = 473A48ED2EB4F11200EEA905 /* Project object */;
			proxyType = 1;
			remoteGlobalIDString = 473A48F42EB4F11200EEA905;
			remoteInfo = PillCounter;
		};
/* End PBXContainerItemProxy section */

/* Begin PBXFileReference section */
		473A48F52EB4F11200EEA905 /* PillCounter.app */ = {isa = PBXFileReference; explicitFileType = wrapper.application; includeInIndex = 0; path = PillCounter.app; sourceTree = BUILT_PRODUCTS_DIR; };
		473A490B2EB4F11300EEA905 /* PillCounterTests.xctest */ = {isa = PBXFileReference; explicitFileType = wrapper.cfbundle; includeInIndex = 0; path = PillCounterTests.xctest; sourceTree = BUILT_PRODUCTS_DIR; };
		473A49152EB4F11300EEA905 /* PillCounterUITests.xctest */ = {isa = PBXFileReference; explicitFileType = wrapper.cfbundle; includeInIndex = 0; path = PillCounterUITests.xctest; sourceTree = BUILT_PRODUCTS_DIR; };
		88E39F9A2FB31D9600D6DEA2 /* CoreAudioTypes.framework */ = {isa = PBXFileReference; lastKnownFileType = wrapper.framework; name = CoreAudioTypes.framework; path = Platforms/iPhoneOS.platform/Developer/SDKs/iPhoneOS26.2.sdk/System/Library/Frameworks/CoreAudioTypes.framework; sourceTree = DEVELOPER_DIR; };
		88E39F9C2FB31DAA00D6DEA2 /* UIKit.framework */ = {isa = PBXFileReference; lastKnownFileType = wrapper.framework; name = UIKit.framework; path = Platforms/iPhoneOS.platform/Developer/SDKs/iPhoneOS26.2.sdk/System/Library/Frameworks/UIKit.framework; sourceTree = DEVELOPER_DIR; };
		88E39F9E2FB31DBA00D6DEA2 /* SwiftUI.framework */ = {isa = PBXFileReference; lastKnownFileType = wrapper.framework; name = SwiftUI.framework; path = Platforms/iPhoneOS.platform/Developer/SDKs/iPhoneOS26.2.sdk/System/Library/Frameworks/SwiftUI.framework; sourceTree = DEVELOPER_DIR; };
		88E39FA02FB31DC500D6DEA2 /* Metal.framework */ = {isa = PBXFileReference; lastKnownFileType = wrapper.framework; name = Metal.framework; path = Platforms/iPhoneOS.platform/Developer/SDKs/iPhoneOS26.2.sdk/System/Library/Frameworks/Metal.framework; sourceTree = DEVELOPER_DIR; };
		88E39FA22FB31DD400D6DEA2 /* MetalKit.framework */ = {isa = PBXFileReference; lastKnownFileType = wrapper.framework; name = MetalKit.framework; path = Platforms/iPhoneOS.platform/Developer/SDKs/iPhoneOS26.2.sdk/System/Library/Frameworks/MetalKit.framework; sourceTree = DEVELOPER_DIR; };
		88E39FA42FB31DDA00D6DEA2 /* AVFoundation.framework */ = {isa = PBXFileReference; lastKnownFileType = wrapper.framework; name = AVFoundation.framework; path = Platforms/iPhoneOS.platform/Developer/SDKs/iPhoneOS26.2.sdk/System/Library/Frameworks/AVFoundation.framework; sourceTree = DEVELOPER_DIR; };
		88E39FA62FB31DF200D6DEA2 /* CoreMedia.framework */ = {isa = PBXFileReference; lastKnownFileType = wrapper.framework; name = CoreMedia.framework; path = Platforms/iPhoneOS.platform/Developer/SDKs/iPhoneOS26.2.sdk/System/Library/Frameworks/CoreMedia.framework; sourceTree = DEVELOPER_DIR; };
		88E39FA82FB31DFA00D6DEA2 /* CoreVideo.framework */ = {isa = PBXFileReference; lastKnownFileType = wrapper.framework; name = CoreVideo.framework; path = Platforms/iPhoneOS.platform/Developer/SDKs/iPhoneOS26.2.sdk/System/Library/Frameworks/CoreVideo.framework; sourceTree = DEVELOPER_DIR; };
		88E39FAA2FB31FA500D6DEA2 /* CoreAudio.framework */ = {isa = PBXFileReference; lastKnownFileType = wrapper.framework; name = CoreAudio.framework; path = Platforms/iPhoneOS.platform/Developer/SDKs/iPhoneOS26.2.sdk/System/Library/Frameworks/CoreAudio.framework; sourceTree = DEVELOPER_DIR; };
/* End PBXFileReference section */

/* Begin PBXFileSystemSynchronizedBuildFileExceptionSet section */
		47793CE82EF940640023EAD4 /* Exceptions for "PillCounter" folder in "PillCounter" target */ = {
			isa = PBXFileSystemSynchronizedBuildFileExceptionSet;
			membershipExceptions = (
				Core/Components/Untitled.swift,
				Info.plist,
			);
			target = 473A48F42EB4F11200EEA905 /* PillCounter */;
		};
/* End PBXFileSystemSynchronizedBuildFileExceptionSet section */

/* Begin PBXFileSystemSynchronizedRootGroup section */
		473A48F72EB4F11200EEA905 /* PillCounter */ = {
			isa = PBXFileSystemSynchronizedRootGroup;
			exceptions = (
				47793CE82EF940640023EAD4 /* Exceptions for "PillCounter" folder in "PillCounter" target */,
			);
			path = PillCounter;
			sourceTree = "<group>";
		};
		473A490E2EB4F11300EEA905 /* PillCounterTests */ = {
			isa = PBXFileSystemSynchronizedRootGroup;
			path = PillCounterTests;
			sourceTree = "<group>";
		};
		473A49182EB4F11300EEA905 /* PillCounterUITests */ = {
			isa = PBXFileSystemSynchronizedRootGroup;
			path = PillCounterUITests;
			sourceTree = "<group>";
		};
/* End PBXFileSystemSynchronizedRootGroup section */

/* Begin PBXFrameworksBuildPhase section */
		473A48F22EB4F11200EEA905 /* Frameworks */ = {
			isa = PBXFrameworksBuildPhase;
			buildActionMask = 2147483647;
			files = (
				797DB21F3018A308003C57D4 /* Hl7Core in Frameworks */,
				79A3C420303485270066409B /* FirebaseMessaging in Frameworks */,
				88E39FAB2FB31FA500D6DEA2 /* CoreAudio.framework in Frameworks */,
				79C738492FF6730400E82B4E /* Hl7Core in Frameworks */,
				79A3C41E303485270066409B /* FirebaseCore in Frameworks */,
				88E39FA92FB31DFA00D6DEA2 /* CoreVideo.framework in Frameworks */,
				7984080C30176606001DECB3 /* Hl7Core in Frameworks */,
				793AFCCA300661DF006598D4 /* Hl7Core in Frameworks */,
				7984080F301767D0001DECB3 /* Hl7Core in Frameworks */,
				88E39FA72FB31DF200D6DEA2 /* CoreMedia.framework in Frameworks */,
				88E39FA52FB31DDA00D6DEA2 /* AVFoundation.framework in Frameworks */,
				79C7384C2FF6731E00E82B4E /* Hl7Core in Frameworks */,
				88E39FA32FB31DD400D6DEA2 /* MetalKit.framework in Frameworks */,
				88E39FA12FB31DC500D6DEA2 /* Metal.framework in Frameworks */,
				88E39F9F2FB31DBA00D6DEA2 /* SwiftUI.framework in Frameworks */,
				793AFA5C30065D89006598D4 /* Hl7Core in Frameworks */,
				88E39F9D2FB31DAA00D6DEA2 /* UIKit.framework in Frameworks */,
				79854EF62FFBD92800CA40F5 /* Hl7Core in Frameworks */,
				7984080930176333001DECB3 /* Hl7Core in Frameworks */,
				79A3C41B3032F7620066409B /* Hl7Core in Frameworks */,
				88D04D902FD02CEB0079ED80 /* (null) in Frameworks */,
				88E39F8E2FB311C800D6DEA2 /* (null) in Frameworks */,
			);
			runOnlyForDeploymentPostprocessing = 0;
		};
		473A49082EB4F11300EEA905 /* Frameworks */ = {
			isa = PBXFrameworksBuildPhase;
			buildActionMask = 2147483647;
			files = (
			);
			runOnlyForDeploymentPostprocessing = 0;
		};
		473A49122EB4F11300EEA905 /* Frameworks */ = {
			isa = PBXFrameworksBuildPhase;
			buildActionMask = 2147483647;
			files = (
			);
			runOnlyForDeploymentPostprocessing = 0;
		};
/* End PBXFrameworksBuildPhase section */

/* Begin PBXGroup section */
		473A48EC2EB4F11200EEA905 = {
			isa = PBXGroup;
			children = (
				473A48F72EB4F11200EEA905 /* PillCounter */,
				473A490E2EB4F11300EEA905 /* PillCounterTests */,
				473A49182EB4F11300EEA905 /* PillCounterUITests */,
				790300062F6986C300A4FDB7 /* Frameworks */,
				473A48F62EB4F11200EEA905 /* Products */,
			);
			sourceTree = "<group>";
		};
		473A48F62EB4F11200EEA905 /* Products */ = {
			isa = PBXGroup;
			children = (
				473A48F52EB4F11200EEA905 /* PillCounter.app */,
				473A490B2EB4F11300EEA905 /* PillCounterTests.xctest */,
				473A49152EB4F11300EEA905 /* PillCounterUITests.xctest */,
			);
			name = Products;
			sourceTree = "<group>";
		};
		790300062F6986C300A4FDB7 /* Frameworks */ = {
			isa = PBXGroup;
			children = (
				88E39FAA2FB31FA500D6DEA2 /* CoreAudio.framework */,
				88E39FA82FB31DFA00D6DEA2 /* CoreVideo.framework */,
				88E39FA62FB31DF200D6DEA2 /* CoreMedia.framework */,
				88E39FA42FB31DDA00D6DEA2 /* AVFoundation.framework */,
				88E39FA22FB31DD400D6DEA2 /* MetalKit.framework */,
				88E39FA02FB31DC500D6DEA2 /* Metal.framework */,
				88E39F9E2FB31DBA00D6DEA2 /* SwiftUI.framework */,
				88E39F9C2FB31DAA00D6DEA2 /* UIKit.framework */,
				88E39F9A2FB31D9600D6DEA2 /* CoreAudioTypes.framework */,
			);
			name = Frameworks;
			sourceTree = "<group>";
		};
/* End PBXGroup section */

/* Begin PBXNativeTarget section */
		473A48F42EB4F11200EEA905 /* PillCounter */ = {
			isa = PBXNativeTarget;
			buildConfigurationList = 473A491F2EB4F11300EEA905 /* Build configuration list for PBXNativeTarget "PillCounter" */;
			buildPhases = (
				473A48F12EB4F11200EEA905 /* Sources */,
				473A48F22EB4F11200EEA905 /* Frameworks */,
				473A48F32EB4F11200EEA905 /* Resources */,
			);
			buildRules = (
			);
			dependencies = (
			);
			fileSystemSynchronizedGroups = (
				473A48F72EB4F11200EEA905 /* PillCounter */,
			);
			name = PillCounter;
			packageProductDependencies = (
				79C738482FF6730400E82B4E /* Hl7Core */,
				79C7384B2FF6731E00E82B4E /* Hl7Core */,
				79854EF52FFBD92800CA40F5 /* Hl7Core */,
				793AFA5B30065D89006598D4 /* Hl7Core */,
				793AFCC9300661DF006598D4 /* Hl7Core */,
				7984080830176333001DECB3 /* Hl7Core */,
				7984080B30176606001DECB3 /* Hl7Core */,
				7984080E301767D0001DECB3 /* Hl7Core */,
				797DB21E3018A308003C57D4 /* Hl7Core */,
				79A3C41A3032F7620066409B /* Hl7Core */,
				79A3C41D303485270066409B /* FirebaseCore */,
				79A3C41F303485270066409B /* FirebaseMessaging */,
			);
			productName = PillCounter;
			productReference = 473A48F52EB4F11200EEA905 /* PillCounter.app */;
			productType = "com.apple.product-type.application";
		};
		473A490A2EB4F11300EEA905 /* PillCounterTests */ = {
			isa = PBXNativeTarget;
			buildConfigurationList = 473A49222EB4F11300EEA905 /* Build configuration list for PBXNativeTarget "PillCounterTests" */;
			buildPhases = (
				473A49072EB4F11300EEA905 /* Sources */,
				473A49082EB4F11300EEA905 /* Frameworks */,
				473A49092EB4F11300EEA905 /* Resources */,
			);
			buildRules = (
			);
			dependencies = (
				473A490D2EB4F11300EEA905 /* PBXTargetDependency */,
			);
			fileSystemSynchronizedGroups = (
				473A490E2EB4F11300EEA905 /* PillCounterTests */,
			);
			name = PillCounterTests;
			productName = PillCounterTests;
			productReference = 473A490B2EB4F11300EEA905 /* PillCounterTests.xctest */;
			productType = "com.apple.product-type.bundle.unit-test";
		};
		473A49142EB4F11300EEA905 /* PillCounterUITests */ = {
			isa = PBXNativeTarget;
			buildConfigurationList = 473A49252EB4F11300EEA905 /* Build configuration list for PBXNativeTarget "PillCounterUITests" */;
			buildPhases = (
				473A49112EB4F11300EEA905 /* Sources */,
				473A49122EB4F11300EEA905 /* Frameworks */,
				473A49132EB4F11300EEA905 /* Resources */,
			);
			buildRules = (
			);
			dependencies = (
				473A49172EB4F11300EEA905 /* PBXTargetDependency */,
			);
			fileSystemSynchronizedGroups = (
				473A49182EB4F11300EEA905 /* PillCounterUITests */,
			);
			name = PillCounterUITests;
			productName = PillCounterUITests;
			productReference = 473A49152EB4F11300EEA905 /* PillCounterUITests.xctest */;
			productType = "com.apple.product-type.bundle.ui-testing";
		};
/* End PBXNativeTarget section */

/* Begin PBXProject section */
		473A48ED2EB4F11200EEA905 /* Project object */ = {
			isa = PBXProject;
			attributes = {
				BuildIndependentTargetsInParallel = 1;
				LastSwiftUpdateCheck = 1620;
				LastUpgradeCheck = 2620;
				TargetAttributes = {
					473A48F42EB4F11200EEA905 = {
						CreatedOnToolsVersion = 16.2;
					};
					473A490A2EB4F11300EEA905 = {
						CreatedOnToolsVersion = 16.2;
						TestTargetID = 473A48F42EB4F11200EEA905;
					};
					473A49142EB4F11300EEA905 = {
						CreatedOnToolsVersion = 16.2;
						TestTargetID = 473A48F42EB4F11200EEA905;
					};
				};
			};
			buildConfigurationList = 473A48F02EB4F11200EEA905 /* Build configuration list for PBXProject "PillCounter" */;
			developmentRegion = en;
			hasScannedForEncodings = 0;
			knownRegions = (
				en,
				Base,
				fr,
				es,
				hi,
				"fr-CA",
				"en-CA",
				"en-US",
			);
			mainGroup = 473A48EC2EB4F11200EEA905;
			minimizedProjectReferenceProxies = 1;
			packageReferences = (
				79A3C4193032F7620066409B /* XCLocalSwiftPackageReference "../../DISPENSESURE/swiftpackage" */,
				79A3C41C303485270066409B /* XCRemoteSwiftPackageReference "firebase-ios-sdk" */,
			);
			preferredProjectObjectVersion = 77;
			productRefGroup = 473A48F62EB4F11200EEA905 /* Products */;
			projectDirPath = "";
			projectRoot = "";
			targets = (
				473A48F42EB4F11200EEA905 /* PillCounter */,
				473A490A2EB4F11300EEA905 /* PillCounterTests */,
				473A49142EB4F11300EEA905 /* PillCounterUITests */,
			);
		};
/* End PBXProject section */

/* Begin PBXResourcesBuildPhase section */
		473A48F32EB4F11200EEA905 /* Resources */ = {
			isa = PBXResourcesBuildPhase;
			buildActionMask = 2147483647;
			files = (
			);
			runOnlyForDeploymentPostprocessing = 0;
		};
		473A49092EB4F11300EEA905 /* Resources */ = {
			isa = PBXResourcesBuildPhase;
			buildActionMask = 2147483647;
			files = (
			);
			runOnlyForDeploymentPostprocessing = 0;
		};
		473A49132EB4F11300EEA905 /* Resources */ = {
			isa = PBXResourcesBuildPhase;
			buildActionMask = 2147483647;
			files = (
			);
			runOnlyForDeploymentPostprocessing = 0;
		};
/* End PBXResourcesBuildPhase section */

/* Begin PBXSourcesBuildPhase section */
		473A48F12EB4F11200EEA905 /* Sources */ = {
			isa = PBXSourcesBuildPhase;
			buildActionMask = 2147483647;
			files = (
			);
			runOnlyForDeploymentPostprocessing = 0;
		};
		473A49072EB4F11300EEA905 /* Sources */ = {
			isa = PBXSourcesBuildPhase;
			buildActionMask = 2147483647;
			files = (
			);
			runOnlyForDeploymentPostprocessing = 0;
		};
		473A49112EB4F11300EEA905 /* Sources */ = {
			isa = PBXSourcesBuildPhase;
			buildActionMask = 2147483647;
			files = (
			);
			runOnlyForDeploymentPostprocessing = 0;
		};
/* End PBXSourcesBuildPhase section */

/* Begin PBXTargetDependency section */
		473A490D2EB4F11300EEA905 /* PBXTargetDependency */ = {
			isa = PBXTargetDependency;
			target = 473A48F42EB4F11200EEA905 /* PillCounter */;
			targetProxy = 473A490C2EB4F11300EEA905 /* PBXContainerItemProxy */;
		};
		473A49172EB4F11300EEA905 /* PBXTargetDependency */ = {
			isa = PBXTargetDependency;
			target = 473A48F42EB4F11200EEA905 /* PillCounter */;
			targetProxy = 473A49162EB4F11300EEA905 /* PBXContainerItemProxy */;
		};
/* End PBXTargetDependency section */

/* Begin XCBuildConfiguration section */
		473A491D2EB4F11300EEA905 /* Debug */ = {
			isa = XCBuildConfiguration;
			buildSettings = {
				ALWAYS_SEARCH_USER_PATHS = NO;
				ASSETCATALOG_COMPILER_GENERATE_SWIFT_ASSET_SYMBOL_EXTENSIONS = YES;
				CLANG_ANALYZER_LOCALIZABILITY_NONLOCALIZED = YES;
				CLANG_ANALYZER_NONNULL = YES;
				CLANG_ANALYZER_NUMBER_OBJECT_CONVERSION = YES_AGGRESSIVE;
				CLANG_CXX_LANGUAGE_STANDARD = "gnu++20";
				CLANG_ENABLE_MODULES = YES;
				CLANG_ENABLE_OBJC_ARC = YES;
				CLANG_ENABLE_OBJC_WEAK = YES;
				CLANG_WARN_BLOCK_CAPTURE_AUTORELEASING = YES;
				CLANG_WARN_BOOL_CONVERSION = YES;
				CLANG_WARN_COMMA = YES;
				CLANG_WARN_CONSTANT_CONVERSION = YES;
				CLANG_WARN_DEPRECATED_OBJC_IMPLEMENTATIONS = YES;
				CLANG_WARN_DIRECT_OBJC_ISA_USAGE = YES_ERROR;
				CLANG_WARN_DOCUMENTATION_COMMENTS = YES;
				CLANG_WARN_EMPTY_BODY = YES;
				CLANG_WARN_ENUM_CONVERSION = YES;
				CLANG_WARN_INFINITE_RECURSION = YES;
				CLANG_WARN_INT_CONVERSION = YES;
				CLANG_WARN_NON_LITERAL_NULL_CONVERSION = YES;
				CLANG_WARN_OBJC_IMPLICIT_RETAIN_SELF = YES;
				CLANG_WARN_OBJC_LITERAL_CONVERSION = YES;
				CLANG_WARN_OBJC_ROOT_CLASS = YES_ERROR;
				CLANG_WARN_QUOTED_INCLUDE_IN_FRAMEWORK_HEADER = YES;
				CLANG_WARN_RANGE_LOOP_ANALYSIS = YES;
				CLANG_WARN_STRICT_PROTOTYPES = YES;
				CLANG_WARN_SUSPICIOUS_MOVE = YES;
				CLANG_WARN_UNGUARDED_AVAILABILITY = YES_AGGRESSIVE;
				CLANG_WARN_UNREACHABLE_CODE = YES;
				CLANG_WARN__DUPLICATE_METHOD_MATCH = YES;
				COPY_PHASE_STRIP = NO;
				DEAD_CODE_STRIPPING = YES;
				DEBUG_INFORMATION_FORMAT = dwarf;
				ENABLE_STRICT_OBJC_MSGSEND = YES;
				ENABLE_TESTABILITY = YES;
				ENABLE_USER_SCRIPT_SANDBOXING = YES;
				GCC_C_LANGUAGE_STANDARD = gnu17;
				GCC_DYNAMIC_NO_PIC = NO;
				GCC_NO_COMMON_BLOCKS = YES;
				GCC_OPTIMIZATION_LEVEL = 0;
				GCC_PREPROCESSOR_DEFINITIONS = (
					"DEBUG=1",
					"$(inherited)",
				);
				GCC_WARN_64_TO_32_BIT_CONVERSION = YES;
				GCC_WARN_ABOUT_RETURN_TYPE = YES_ERROR;
				GCC_WARN_UNDECLARED_SELECTOR = YES;
				GCC_WARN_UNINITIALIZED_AUTOS = YES_AGGRESSIVE;
				GCC_WARN_UNUSED_FUNCTION = YES;
				GCC_WARN_UNUSED_VARIABLE = YES;
				INFOPLIST_KEY_NSCameraUsageDescription = "We will be using your camera to detect pills and scan the barcodes or qr codes.";
				LOCALIZATION_PREFERS_STRING_CATALOGS = YES;
				MTL_ENABLE_DEBUG_INFO = INCLUDE_SOURCE;
				MTL_FAST_MATH = YES;
				ONLY_ACTIVE_ARCH = YES;
				STRING_CATALOG_GENERATE_SYMBOLS = YES;
				SWIFT_ACTIVE_COMPILATION_CONDITIONS = "DEBUG $(inherited)";
				SWIFT_OPTIMIZATION_LEVEL = "-Onone";
			};
			name = Debug;
		};
		473A491E2EB4F11300EEA905 /* Release */ = {
			isa = XCBuildConfiguration;
			buildSettings = {
				ALWAYS_SEARCH_USER_PATHS = NO;
				ASSETCATALOG_COMPILER_GENERATE_SWIFT_ASSET_SYMBOL_EXTENSIONS = YES;
				CLANG_ANALYZER_LOCALIZABILITY_NONLOCALIZED = YES;
				CLANG_ANALYZER_NONNULL = YES;
				CLANG_ANALYZER_NUMBER_OBJECT_CONVERSION = YES_AGGRESSIVE;
				CLANG_CXX_LANGUAGE_STANDARD = "gnu++20";
				CLANG_ENABLE_MODULES = YES;
				CLANG_ENABLE_OBJC_ARC = YES;
				CLANG_ENABLE_OBJC_WEAK = YES;
				CLANG_WARN_BLOCK_CAPTURE_AUTORELEASING = YES;
				CLANG_WARN_BOOL_CONVERSION = YES;
				CLANG_WARN_COMMA = YES;
				CLANG_WARN_CONSTANT_CONVERSION = YES;
				CLANG_WARN_DEPRECATED_OBJC_IMPLEMENTATIONS = YES;
				CLANG_WARN_DIRECT_OBJC_ISA_USAGE = YES_ERROR;
				CLANG_WARN_DOCUMENTATION_COMMENTS = YES;
				CLANG_WARN_EMPTY_BODY = YES;
				CLANG_WARN_ENUM_CONVERSION = YES;
				CLANG_WARN_INFINITE_RECURSION = YES;
				CLANG_WARN_INT_CONVERSION = YES;
				CLANG_WARN_NON_LITERAL_NULL_CONVERSION = YES;
				CLANG_WARN_OBJC_IMPLICIT_RETAIN_SELF = YES;
				CLANG_WARN_OBJC_LITERAL_CONVERSION = YES;
				CLANG_WARN_OBJC_ROOT_CLASS = YES_ERROR;
				CLANG_WARN_QUOTED_INCLUDE_IN_FRAMEWORK_HEADER = YES;
				CLANG_WARN_RANGE_LOOP_ANALYSIS = YES;
				CLANG_WARN_STRICT_PROTOTYPES = YES;
				CLANG_WARN_SUSPICIOUS_MOVE = YES;
				CLANG_WARN_UNGUARDED_AVAILABILITY = YES_AGGRESSIVE;
				CLANG_WARN_UNREACHABLE_CODE = YES;
				CLANG_WARN__DUPLICATE_METHOD_MATCH = YES;
				COPY_PHASE_STRIP = NO;
				DEAD_CODE_STRIPPING = YES;
				DEBUG_INFORMATION_FORMAT = "dwarf-with-dsym";
				ENABLE_NS_ASSERTIONS = NO;
				ENABLE_STRICT_OBJC_MSGSEND = YES;
				ENABLE_USER_SCRIPT_SANDBOXING = YES;
				GCC_C_LANGUAGE_STANDARD = gnu17;
				GCC_NO_COMMON_BLOCKS = YES;
				GCC_WARN_64_TO_32_BIT_CONVERSION = YES;
				GCC_WARN_ABOUT_RETURN_TYPE = YES_ERROR;
				GCC_WARN_UNDECLARED_SELECTOR = YES;
				GCC_WARN_UNINITIALIZED_AUTOS = YES_AGGRESSIVE;
				GCC_WARN_UNUSED_FUNCTION = YES;
				GCC_WARN_UNUSED_VARIABLE = YES;
				INFOPLIST_KEY_NSCameraUsageDescription = "We will be using your camera to detect pills and scan the barcodes or qr codes.";
				LOCALIZATION_PREFERS_STRING_CATALOGS = YES;
				MTL_ENABLE_DEBUG_INFO = NO;
				MTL_FAST_MATH = YES;
				STRING_CATALOG_GENERATE_SYMBOLS = YES;
				SWIFT_COMPILATION_MODE = wholemodule;
			};
			name = Release;
		};
		473A49202EB4F11300EEA905 /* Debug */ = {
			isa = XCBuildConfiguration;
			buildSettings = {
				ASSETCATALOG_COMPILER_APPICON_NAME = AppIcon;
				ASSETCATALOG_COMPILER_GLOBAL_ACCENT_COLOR_NAME = AccentColor;
				CODE_SIGN_ENTITLEMENTS = "PillCounter/PillCounter-Debug.entitlements";
				CODE_SIGN_IDENTITY = "Apple Development";
				CODE_SIGN_STYLE = Automatic;
				COPY_PHASE_STRIP = NO;
				CURRENT_PROJECT_VERSION = 1;
				DEAD_CODE_STRIPPING = YES;
				DEPLOYMENT_POSTPROCESSING = NO;
				DEVELOPMENT_ASSET_PATHS = "\"PillCounter/Preview Content\"";
				DEVELOPMENT_TEAM = 8H4QNV2FVL;
				ENABLE_APP_SANDBOX = YES;
				ENABLE_HARDENED_RUNTIME = YES;
				ENABLE_INCOMING_NETWORK_CONNECTIONS = NO;
				ENABLE_OUTGOING_NETWORK_CONNECTIONS = NO;
				ENABLE_PREVIEWS = YES;
				ENABLE_RESOURCE_ACCESS_AUDIO_INPUT = NO;
				ENABLE_RESOURCE_ACCESS_BLUETOOTH = NO;
				ENABLE_RESOURCE_ACCESS_CALENDARS = NO;
				ENABLE_RESOURCE_ACCESS_CAMERA = NO;
				ENABLE_RESOURCE_ACCESS_CONTACTS = NO;
				ENABLE_RESOURCE_ACCESS_LOCATION = NO;
				ENABLE_RESOURCE_ACCESS_PRINTING = NO;
				ENABLE_RESOURCE_ACCESS_USB = NO;
				ENABLE_USER_SELECTED_FILES = readonly;
				"EXCLUDED_ARCHS[sdk=iphonesimulator*]" = "x86-64";
				GENERATE_INFOPLIST_FILE = YES;
				INFOPLIST_FILE = PillCounter/Info.plist;
				INFOPLIST_KEY_CFBundleDisplayName = DispenseSure;
				INFOPLIST_KEY_NSCameraUsageDescription = "We will be using your camera to detect pills and scan the barcodes or qr codes.";
				INFOPLIST_KEY_NSLocalNetworkUsageDescription = "This app advertises and discovers HL7 services on the local network.";
				INFOPLIST_KEY_NSLocationWhenInUseUsageDescription = "We need your location to tag pill count images.";
				"INFOPLIST_KEY_UIApplicationSceneManifest_Generation[sdk=iphoneos*]" = YES;
				"INFOPLIST_KEY_UIApplicationSceneManifest_Generation[sdk=iphonesimulator*]" = YES;
				"INFOPLIST_KEY_UIApplicationSupportsIndirectInputEvents[sdk=iphoneos*]" = YES;
				"INFOPLIST_KEY_UIApplicationSupportsIndirectInputEvents[sdk=iphonesimulator*]" = YES;
				"INFOPLIST_KEY_UILaunchScreen_Generation[sdk=iphoneos*]" = YES;
				"INFOPLIST_KEY_UILaunchScreen_Generation[sdk=iphonesimulator*]" = YES;
				INFOPLIST_KEY_UILaunchStoryboardName = LaunchScreen;
				INFOPLIST_KEY_UIRequiredDeviceCapabilities = armv7;
				"INFOPLIST_KEY_UIStatusBarStyle[sdk=iphoneos*]" = UIStatusBarStyleDefault;
				"INFOPLIST_KEY_UIStatusBarStyle[sdk=iphonesimulator*]" = UIStatusBarStyleDefault;
				INFOPLIST_KEY_UISupportedInterfaceOrientations = "UIInterfaceOrientationLandscapeLeft UIInterfaceOrientationLandscapeRight UIInterfaceOrientationPortrait";
				INFOPLIST_KEY_UISupportedInterfaceOrientations_iPad = "UIInterfaceOrientationLandscapeLeft UIInterfaceOrientationLandscapeRight UIInterfaceOrientationPortrait UIInterfaceOrientationPortraitUpsideDown";
				IPHONEOS_DEPLOYMENT_TARGET = 18.5;
				LD_RUNPATH_SEARCH_PATHS = "@executable_path/Frameworks";
				"LD_RUNPATH_SEARCH_PATHS[sdk=macosx*]" = "@executable_path/../Frameworks";
				MACOSX_DEPLOYMENT_TARGET = 15.2;
				MARKETING_VERSION = 1.0;
				"OTHER_LDFLAGS[arch=*]" = (
					"-ObjC",
					"-dead_strip",
				);
				PRODUCT_BUNDLE_IDENTIFIER = com.ritetechnologies.PillCounting;
				PRODUCT_NAME = "$(TARGET_NAME)";
				PROVISIONING_PROFILE_SPECIFIER = "";
				SDKROOT = auto;
				STRIP_INSTALLED_PRODUCT = NO;
				SUPPORTED_PLATFORMS = "iphoneos iphonesimulator";
				SUPPORTS_MACCATALYST = NO;
				SWIFT_EMIT_LOC_STRINGS = YES;
				SWIFT_VERSION = 5.0;
				TARGETED_DEVICE_FAMILY = "1,2";
				XROS_DEPLOYMENT_TARGET = 2.2;
			};
			name = Debug;
		};
		473A49212EB4F11300EEA905 /* Release */ = {
			isa = XCBuildConfiguration;
			buildSettings = {
				ASSETCATALOG_COMPILER_APPICON_NAME = AppIcon;
				ASSETCATALOG_COMPILER_GLOBAL_ACCENT_COLOR_NAME = AccentColor;
				CODE_SIGN_ENTITLEMENTS = "PillCounter/PillCounter-Release.entitlements";
				CODE_SIGN_IDENTITY = "Apple Development";
				CODE_SIGN_STYLE = Automatic;
				COPY_PHASE_STRIP = YES;
				CURRENT_PROJECT_VERSION = 1;
				DEAD_CODE_STRIPPING = YES;
				DEBUG_INFORMATION_VERSION = "compiler-default";
				DEPLOYMENT_POSTPROCESSING = YES;
				DEVELOPMENT_ASSET_PATHS = "\"PillCounter/Preview Content\"";
				DEVELOPMENT_TEAM = 8H4QNV2FVL;
				ENABLE_APP_SANDBOX = YES;
				ENABLE_HARDENED_RUNTIME = YES;
				ENABLE_INCOMING_NETWORK_CONNECTIONS = NO;
				ENABLE_OUTGOING_NETWORK_CONNECTIONS = NO;
				ENABLE_PREVIEWS = YES;
				ENABLE_RESOURCE_ACCESS_AUDIO_INPUT = NO;
				ENABLE_RESOURCE_ACCESS_BLUETOOTH = NO;
				ENABLE_RESOURCE_ACCESS_CALENDARS = NO;
				ENABLE_RESOURCE_ACCESS_CAMERA = NO;
				ENABLE_RESOURCE_ACCESS_CONTACTS = NO;
				ENABLE_RESOURCE_ACCESS_LOCATION = NO;
				ENABLE_RESOURCE_ACCESS_PRINTING = NO;
				ENABLE_RESOURCE_ACCESS_USB = NO;
				ENABLE_USER_SELECTED_FILES = readonly;
				"EXCLUDED_ARCHS[sdk=iphonesimulator*]" = "x86-64";
				GENERATE_INFOPLIST_FILE = YES;
				INFOPLIST_FILE = PillCounter/Info.plist;
				INFOPLIST_KEY_CFBundleDisplayName = DispenseSure;
				INFOPLIST_KEY_NSCameraUsageDescription = "We will be using your camera to detect pills and scan the barcodes or qr codes.";
				INFOPLIST_KEY_NSLocalNetworkUsageDescription = "This app advertises and discovers HL7 services on the local network.";
				INFOPLIST_KEY_NSLocationWhenInUseUsageDescription = "We need your location to tag pill count images.";
				"INFOPLIST_KEY_UIApplicationSceneManifest_Generation[sdk=iphoneos*]" = YES;
				"INFOPLIST_KEY_UIApplicationSceneManifest_Generation[sdk=iphonesimulator*]" = YES;
				"INFOPLIST_KEY_UIApplicationSupportsIndirectInputEvents[sdk=iphoneos*]" = YES;
				"INFOPLIST_KEY_UIApplicationSupportsIndirectInputEvents[sdk=iphonesimulator*]" = YES;
				"INFOPLIST_KEY_UILaunchScreen_Generation[sdk=iphoneos*]" = YES;
				"INFOPLIST_KEY_UILaunchScreen_Generation[sdk=iphonesimulator*]" = YES;
				INFOPLIST_KEY_UILaunchStoryboardName = LaunchScreen;
				INFOPLIST_KEY_UIRequiredDeviceCapabilities = armv7;
				"INFOPLIST_KEY_UIStatusBarStyle[sdk=iphoneos*]" = UIStatusBarStyleDefault;
				"INFOPLIST_KEY_UIStatusBarStyle[sdk=iphonesimulator*]" = UIStatusBarStyleDefault;
				INFOPLIST_KEY_UISupportedInterfaceOrientations = "UIInterfaceOrientationLandscapeLeft UIInterfaceOrientationLandscapeRight UIInterfaceOrientationPortrait";
				INFOPLIST_KEY_UISupportedInterfaceOrientations_iPad = "UIInterfaceOrientationLandscapeLeft UIInterfaceOrientationLandscapeRight UIInterfaceOrientationPortrait UIInterfaceOrientationPortraitUpsideDown";
				IPHONEOS_DEPLOYMENT_TARGET = 18.5;
				LD_RUNPATH_SEARCH_PATHS = "@executable_path/Frameworks";
				"LD_RUNPATH_SEARCH_PATHS[sdk=macosx*]" = "@executable_path/../Frameworks";
				MACOSX_DEPLOYMENT_TARGET = 15.2;
				MARKETING_VERSION = 1.0;
				"OTHER_LDFLAGS[arch=*]" = (
					"-ObjC",
					"-dead_strip",
				);
				PRODUCT_BUNDLE_IDENTIFIER = com.ritetechnologies.PillCounting;
				PRODUCT_NAME = "$(TARGET_NAME)";
				PROVISIONING_PROFILE_SPECIFIER = "";
				SDKROOT = auto;
				STRIP_INSTALLED_PRODUCT = YES;
				STRIP_STYLE = all;
				STRIP_SWIFT_SYMBOLS = YES;
				SUPPORTED_PLATFORMS = "iphoneos iphonesimulator";
				SUPPORTS_MACCATALYST = NO;
				SWIFT_EMIT_LOC_STRINGS = YES;
				SWIFT_VERSION = 5.0;
				TARGETED_DEVICE_FAMILY = "1,2";
				XROS_DEPLOYMENT_TARGET = 2.2;
			};
			name = Release;
		};
		473A49232EB4F11300EEA905 /* Debug */ = {
			isa = XCBuildConfiguration;
			buildSettings = {
				BUNDLE_LOADER = "$(TEST_HOST)";
				CODE_SIGN_STYLE = Automatic;
				CURRENT_PROJECT_VERSION = 1;
				DEAD_CODE_STRIPPING = YES;
				DEVELOPMENT_TEAM = 8H4QNV2FVL;
				GENERATE_INFOPLIST_FILE = YES;
				IPHONEOS_DEPLOYMENT_TARGET = 18.5;
				MACOSX_DEPLOYMENT_TARGET = 15.2;
				MARKETING_VERSION = 1.0;
				PRODUCT_BUNDLE_IDENTIFIER = com.ritetechnologies.PillCounterTests;
				PRODUCT_NAME = "$(TARGET_NAME)";
				SDKROOT = auto;
				SUPPORTED_PLATFORMS = "iphoneos iphonesimulator macosx xros xrsimulator";
				SWIFT_EMIT_LOC_STRINGS = NO;
				SWIFT_VERSION = 5.0;
				TARGETED_DEVICE_FAMILY = "1,2,7";
				TEST_HOST = "$(BUILT_PRODUCTS_DIR)/PillCounter.app/$(BUNDLE_EXECUTABLE_FOLDER_PATH)/PillCounter";
				XROS_DEPLOYMENT_TARGET = 2.2;
			};
			name = Debug;
		};
		473A49242EB4F11300EEA905 /* Release */ = {
			isa = XCBuildConfiguration;
			buildSettings = {
				BUNDLE_LOADER = "$(TEST_HOST)";
				CODE_SIGN_STYLE = Automatic;
				CURRENT_PROJECT_VERSION = 1;
				DEAD_CODE_STRIPPING = YES;
				DEVELOPMENT_TEAM = 8H4QNV2FVL;
				GENERATE_INFOPLIST_FILE = YES;
				IPHONEOS_DEPLOYMENT_TARGET = 18.5;
				MACOSX_DEPLOYMENT_TARGET = 15.2;
				MARKETING_VERSION = 1.0;
				PRODUCT_BUNDLE_IDENTIFIER = com.ritetechnologies.PillCounterTests;
				PRODUCT_NAME = "$(TARGET_NAME)";
				SDKROOT = auto;
				SUPPORTED_PLATFORMS = "iphoneos iphonesimulator macosx xros xrsimulator";
				SWIFT_EMIT_LOC_STRINGS = NO;
				SWIFT_VERSION = 5.0;
				TARGETED_DEVICE_FAMILY = "1,2,7";
				TEST_HOST = "$(BUILT_PRODUCTS_DIR)/PillCounter.app/$(BUNDLE_EXECUTABLE_FOLDER_PATH)/PillCounter";
				XROS_DEPLOYMENT_TARGET = 2.2;
			};
			name = Release;
		};
		473A49262EB4F11300EEA905 /* Debug */ = {
			isa = XCBuildConfiguration;
			buildSettings = {
				CODE_SIGN_STYLE = Automatic;
				CURRENT_PROJECT_VERSION = 1;
				DEAD_CODE_STRIPPING = YES;
				GENERATE_INFOPLIST_FILE = YES;
				IPHONEOS_DEPLOYMENT_TARGET = 18.2;
				MACOSX_DEPLOYMENT_TARGET = 15.2;
				MARKETING_VERSION = 1.0;
				PRODUCT_BUNDLE_IDENTIFIER = com.ritetechnologies.PillCounterUITests;
				PRODUCT_NAME = "$(TARGET_NAME)";
				SDKROOT = auto;
				SUPPORTED_PLATFORMS = "iphoneos iphonesimulator macosx xros xrsimulator";
				SWIFT_EMIT_LOC_STRINGS = NO;
				SWIFT_VERSION = 5.0;
				TARGETED_DEVICE_FAMILY = "1,2,7";
				TEST_TARGET_NAME = PillCounter;
				XROS_DEPLOYMENT_TARGET = 2.2;
			};
			name = Debug;
		};
		473A49272EB4F11300EEA905 /* Release */ = {
			isa = XCBuildConfiguration;
			buildSettings = {
				CODE_SIGN_STYLE = Automatic;
				CURRENT_PROJECT_VERSION = 1;
				DEAD_CODE_STRIPPING = YES;
				GENERATE_INFOPLIST_FILE = YES;
				IPHONEOS_DEPLOYMENT_TARGET = 18.2;
				MACOSX_DEPLOYMENT_TARGET = 15.2;
				MARKETING_VERSION = 1.0;
				PRODUCT_BUNDLE_IDENTIFIER = com.ritetechnologies.PillCounterUITests;
				PRODUCT_NAME = "$(TARGET_NAME)";
				SDKROOT = auto;
				SUPPORTED_PLATFORMS = "iphoneos iphonesimulator macosx xros xrsimulator";
				SWIFT_EMIT_LOC_STRINGS = NO;
				SWIFT_VERSION = 5.0;
				TARGETED_DEVICE_FAMILY = "1,2,7";
				TEST_TARGET_NAME = PillCounter;
				XROS_DEPLOYMENT_TARGET = 2.2;
			};
			name = Release;
		};
		79FF00012F0000010000A001 /* LoadTest */ = {
			isa = XCBuildConfiguration;
			buildSettings = {
				ALWAYS_SEARCH_USER_PATHS = NO;
				ASSETCATALOG_COMPILER_GENERATE_SWIFT_ASSET_SYMBOL_EXTENSIONS = YES;
				CLANG_ANALYZER_LOCALIZABILITY_NONLOCALIZED = YES;
				CLANG_ANALYZER_NONNULL = YES;
				CLANG_ANALYZER_NUMBER_OBJECT_CONVERSION = YES_AGGRESSIVE;
				CLANG_CXX_LANGUAGE_STANDARD = "gnu++20";
				CLANG_ENABLE_MODULES = YES;
				CLANG_ENABLE_OBJC_ARC = YES;
				CLANG_ENABLE_OBJC_WEAK = YES;
				CLANG_WARN_BLOCK_CAPTURE_AUTORELEASING = YES;
				CLANG_WARN_BOOL_CONVERSION = YES;
				CLANG_WARN_COMMA = YES;
				CLANG_WARN_CONSTANT_CONVERSION = YES;
				CLANG_WARN_DEPRECATED_OBJC_IMPLEMENTATIONS = YES;
				CLANG_WARN_DIRECT_OBJC_ISA_USAGE = YES_ERROR;
				CLANG_WARN_DOCUMENTATION_COMMENTS = YES;
				CLANG_WARN_EMPTY_BODY = YES;
				CLANG_WARN_ENUM_CONVERSION = YES;
				CLANG_WARN_INFINITE_RECURSION = YES;
				CLANG_WARN_INT_CONVERSION = YES;
				CLANG_WARN_NON_LITERAL_NULL_CONVERSION = YES;
				CLANG_WARN_OBJC_IMPLICIT_RETAIN_SELF = YES;
				CLANG_WARN_OBJC_LITERAL_CONVERSION = YES;
				CLANG_WARN_OBJC_ROOT_CLASS = YES_ERROR;
				CLANG_WARN_QUOTED_INCLUDE_IN_FRAMEWORK_HEADER = YES;
				CLANG_WARN_RANGE_LOOP_ANALYSIS = YES;
				CLANG_WARN_STRICT_PROTOTYPES = YES;
				CLANG_WARN_SUSPICIOUS_MOVE = YES;
				CLANG_WARN_UNGUARDED_AVAILABILITY = YES_AGGRESSIVE;
				CLANG_WARN_UNREACHABLE_CODE = YES;
				CLANG_WARN__DUPLICATE_METHOD_MATCH = YES;
				COPY_PHASE_STRIP = NO;
				DEAD_CODE_STRIPPING = YES;
				DEBUG_INFORMATION_FORMAT = dwarf;
				ENABLE_STRICT_OBJC_MSGSEND = YES;
				ENABLE_TESTABILITY = YES;
				ENABLE_USER_SCRIPT_SANDBOXING = YES;
				GCC_C_LANGUAGE_STANDARD = gnu17;
				GCC_DYNAMIC_NO_PIC = NO;
				GCC_NO_COMMON_BLOCKS = YES;
				GCC_OPTIMIZATION_LEVEL = 0;
				GCC_PREPROCESSOR_DEFINITIONS = (
					"DEBUG=1",
					"LOAD_TEST=1",
					"$(inherited)",
				);
				GCC_WARN_64_TO_32_BIT_CONVERSION = YES;
				GCC_WARN_ABOUT_RETURN_TYPE = YES_ERROR;
				GCC_WARN_UNDECLARED_SELECTOR = YES;
				GCC_WARN_UNINITIALIZED_AUTOS = YES_AGGRESSIVE;
				GCC_WARN_UNUSED_FUNCTION = YES;
				GCC_WARN_UNUSED_VARIABLE = YES;
				INFOPLIST_KEY_NSCameraUsageDescription = "We will be using your camera to detect pills and scan the barcodes or qr codes.";
				LOCALIZATION_PREFERS_STRING_CATALOGS = YES;
				MTL_ENABLE_DEBUG_INFO = INCLUDE_SOURCE;
				MTL_FAST_MATH = YES;
				ONLY_ACTIVE_ARCH = YES;
				STRING_CATALOG_GENERATE_SYMBOLS = YES;
				SWIFT_ACTIVE_COMPILATION_CONDITIONS = "DEBUG LOAD_TEST $(inherited)";
				SWIFT_OPTIMIZATION_LEVEL = "-Onone";
			};
			name = LoadTest;
		};
		79FF00022F0000010000A001 /* LoadTest */ = {
			isa = XCBuildConfiguration;
			buildSettings = {
				ASSETCATALOG_COMPILER_APPICON_NAME = AppIcon;
				ASSETCATALOG_COMPILER_GLOBAL_ACCENT_COLOR_NAME = AccentColor;
				CODE_SIGN_ENTITLEMENTS = "PillCounter/PillCounter-Debug.entitlements";
				CODE_SIGN_IDENTITY = "Apple Development";
				CODE_SIGN_STYLE = Automatic;
				COPY_PHASE_STRIP = NO;
				CURRENT_PROJECT_VERSION = 1;
				DEAD_CODE_STRIPPING = YES;
				DEPLOYMENT_POSTPROCESSING = NO;
				DEVELOPMENT_ASSET_PATHS = "\"PillCounter/Preview Content\"";
				DEVELOPMENT_TEAM = 8H4QNV2FVL;
				ENABLE_APP_SANDBOX = YES;
				ENABLE_HARDENED_RUNTIME = YES;
				ENABLE_INCOMING_NETWORK_CONNECTIONS = NO;
				ENABLE_OUTGOING_NETWORK_CONNECTIONS = NO;
				ENABLE_PREVIEWS = YES;
				ENABLE_RESOURCE_ACCESS_AUDIO_INPUT = NO;
				ENABLE_RESOURCE_ACCESS_BLUETOOTH = NO;
				ENABLE_RESOURCE_ACCESS_CALENDARS = NO;
				ENABLE_RESOURCE_ACCESS_CAMERA = NO;
				ENABLE_RESOURCE_ACCESS_CONTACTS = NO;
				ENABLE_RESOURCE_ACCESS_LOCATION = NO;
				ENABLE_RESOURCE_ACCESS_PRINTING = NO;
				ENABLE_RESOURCE_ACCESS_USB = NO;
				ENABLE_USER_SELECTED_FILES = readonly;
				"EXCLUDED_ARCHS[sdk=iphonesimulator*]" = "x86-64";
				GENERATE_INFOPLIST_FILE = YES;
				INFOPLIST_FILE = PillCounter/Info.plist;
				INFOPLIST_KEY_CFBundleDisplayName = DispenseSure;
				INFOPLIST_KEY_NSCameraUsageDescription = "We will be using your camera to detect pills and scan the barcodes or qr codes.";
				INFOPLIST_KEY_NSLocalNetworkUsageDescription = "This app advertises and discovers HL7 services on the local network.";
				INFOPLIST_KEY_NSLocationWhenInUseUsageDescription = "We need your location to tag pill count images.";
				"INFOPLIST_KEY_UIApplicationSceneManifest_Generation[sdk=iphoneos*]" = YES;
				"INFOPLIST_KEY_UIApplicationSceneManifest_Generation[sdk=iphonesimulator*]" = YES;
				"INFOPLIST_KEY_UIApplicationSupportsIndirectInputEvents[sdk=iphoneos*]" = YES;
				"INFOPLIST_KEY_UIApplicationSupportsIndirectInputEvents[sdk=iphonesimulator*]" = YES;
				"INFOPLIST_KEY_UILaunchScreen_Generation[sdk=iphoneos*]" = YES;
				"INFOPLIST_KEY_UILaunchScreen_Generation[sdk=iphonesimulator*]" = YES;
				INFOPLIST_KEY_UILaunchStoryboardName = LaunchScreen;
				INFOPLIST_KEY_UIRequiredDeviceCapabilities = armv7;
				"INFOPLIST_KEY_UIStatusBarStyle[sdk=iphoneos*]" = UIStatusBarStyleDefault;
				"INFOPLIST_KEY_UIStatusBarStyle[sdk=iphonesimulator*]" = UIStatusBarStyleDefault;
				INFOPLIST_KEY_UISupportedInterfaceOrientations = "UIInterfaceOrientationLandscapeLeft UIInterfaceOrientationLandscapeRight UIInterfaceOrientationPortrait";
				INFOPLIST_KEY_UISupportedInterfaceOrientations_iPad = "UIInterfaceOrientationLandscapeLeft UIInterfaceOrientationLandscapeRight UIInterfaceOrientationPortrait UIInterfaceOrientationPortraitUpsideDown";
				IPHONEOS_DEPLOYMENT_TARGET = 18.5;
				LD_RUNPATH_SEARCH_PATHS = "@executable_path/Frameworks";
				"LD_RUNPATH_SEARCH_PATHS[sdk=macosx*]" = "@executable_path/../Frameworks";
				MACOSX_DEPLOYMENT_TARGET = 15.2;
				MARKETING_VERSION = 1.0;
				"OTHER_LDFLAGS[arch=*]" = (
					"-ObjC",
					"-dead_strip",
				);
				PRODUCT_BUNDLE_IDENTIFIER = com.ritetechnologies.PillCounting;
				PRODUCT_NAME = "$(TARGET_NAME)";
				PROVISIONING_PROFILE_SPECIFIER = "";
				SDKROOT = auto;
				STRIP_INSTALLED_PRODUCT = NO;
				SUPPORTED_PLATFORMS = "iphoneos iphonesimulator";
				SUPPORTS_MACCATALYST = NO;
				SWIFT_EMIT_LOC_STRINGS = YES;
				SWIFT_VERSION = 5.0;
				TARGETED_DEVICE_FAMILY = "1,2";
				XROS_DEPLOYMENT_TARGET = 2.2;
			};
			name = LoadTest;
		};
		79FF00032F0000010000A001 /* LoadTest */ = {
			isa = XCBuildConfiguration;
			buildSettings = {
				BUNDLE_LOADER = "$(TEST_HOST)";
				CODE_SIGN_STYLE = Automatic;
				CURRENT_PROJECT_VERSION = 1;
				DEAD_CODE_STRIPPING = YES;
				DEVELOPMENT_TEAM = 8H4QNV2FVL;
				GENERATE_INFOPLIST_FILE = YES;
				IPHONEOS_DEPLOYMENT_TARGET = 18.5;
				MACOSX_DEPLOYMENT_TARGET = 15.2;
				MARKETING_VERSION = 1.0;
				PRODUCT_BUNDLE_IDENTIFIER = com.ritetechnologies.PillCounterTests;
				PRODUCT_NAME = "$(TARGET_NAME)";
				SDKROOT = auto;
				SUPPORTED_PLATFORMS = "iphoneos iphonesimulator macosx xros xrsimulator";
				SWIFT_EMIT_LOC_STRINGS = NO;
				SWIFT_VERSION = 5.0;
				TARGETED_DEVICE_FAMILY = "1,2,7";
				TEST_HOST = "$(BUILT_PRODUCTS_DIR)/PillCounter.app/$(BUNDLE_EXECUTABLE_FOLDER_PATH)/PillCounter";
				XROS_DEPLOYMENT_TARGET = 2.2;
			};
			name = LoadTest;
		};
		79FF00042F0000010000A001 /* LoadTest */ = {
			isa = XCBuildConfiguration;
			buildSettings = {
				CODE_SIGN_STYLE = Automatic;
				CURRENT_PROJECT_VERSION = 1;
				DEAD_CODE_STRIPPING = YES;
				GENERATE_INFOPLIST_FILE = YES;
				IPHONEOS_DEPLOYMENT_TARGET = 18.2;
				MACOSX_DEPLOYMENT_TARGET = 15.2;
				MARKETING_VERSION = 1.0;
				PRODUCT_BUNDLE_IDENTIFIER = com.ritetechnologies.PillCounterUITests;
				PRODUCT_NAME = "$(TARGET_NAME)";
				SDKROOT = auto;
				SUPPORTED_PLATFORMS = "iphoneos iphonesimulator macosx xros xrsimulator";
				SWIFT_EMIT_LOC_STRINGS = NO;
				SWIFT_VERSION = 5.0;
				TARGETED_DEVICE_FAMILY = "1,2,7";
				TEST_TARGET_NAME = PillCounter;
				XROS_DEPLOYMENT_TARGET = 2.2;
			};
			name = LoadTest;
		};
/* End XCBuildConfiguration section */

/* Begin XCConfigurationList section */
		473A48F02EB4F11200EEA905 /* Build configuration list for PBXProject "PillCounter" */ = {
			isa = XCConfigurationList;
			buildConfigurations = (
				473A491D2EB4F11300EEA905 /* Debug */,
				473A491E2EB4F11300EEA905 /* Release */,
				79FF00012F0000010000A001 /* LoadTest */,
			);
			defaultConfigurationIsVisible = 0;
			defaultConfigurationName = Release;
		};
		473A491F2EB4F11300EEA905 /* Build configuration list for PBXNativeTarget "PillCounter" */ = {
			isa = XCConfigurationList;
			buildConfigurations = (
				473A49202EB4F11300EEA905 /* Debug */,
				473A49212EB4F11300EEA905 /* Release */,
				79FF00022F0000010000A001 /* LoadTest */,
			);
			defaultConfigurationIsVisible = 0;
			defaultConfigurationName = Release;
		};
		473A49222EB4F11300EEA905 /* Build configuration list for PBXNativeTarget "PillCounterTests" */ = {
			isa = XCConfigurationList;
			buildConfigurations = (
				473A49232EB4F11300EEA905 /* Debug */,
				473A49242EB4F11300EEA905 /* Release */,
				79FF00032F0000010000A001 /* LoadTest */,
			);
			defaultConfigurationIsVisible = 0;
			defaultConfigurationName = Release;
		};
		473A49252EB4F11300EEA905 /* Build configuration list for PBXNativeTarget "PillCounterUITests" */ = {
			isa = XCConfigurationList;
			buildConfigurations = (
				473A49262EB4F11300EEA905 /* Debug */,
				473A49272EB4F11300EEA905 /* Release */,
				79FF00042F0000010000A001 /* LoadTest */,
			);
			defaultConfigurationIsVisible = 0;
			defaultConfigurationName = Release;
		};
/* End XCConfigurationList section */

/* Begin XCLocalSwiftPackageReference section */
		79A3C4193032F7620066409B /* XCLocalSwiftPackageReference "../../DISPENSESURE/swiftpackage" */ = {
			isa = XCLocalSwiftPackageReference;
			relativePath = ../../DISPENSESURE/swiftpackage;
		};
/* End XCLocalSwiftPackageReference section */

/* Begin XCRemoteSwiftPackageReference section */
		79A3C41C303485270066409B /* XCRemoteSwiftPackageReference "firebase-ios-sdk" */ = {
			isa = XCRemoteSwiftPackageReference;
			repositoryURL = "https://github.com/firebase/firebase-ios-sdk";
			requirement = {
				kind = upToNextMajorVersion;
				minimumVersion = 12.17.0;
			};
		};
/* End XCRemoteSwiftPackageReference section */

/* Begin XCSwiftPackageProductDependency section */
		793AFA5B30065D89006598D4 /* Hl7Core */ = {
			isa = XCSwiftPackageProductDependency;
			productName = Hl7Core;
		};
		793AFCC9300661DF006598D4 /* Hl7Core */ = {
			isa = XCSwiftPackageProductDependency;
			productName = Hl7Core;
		};
		797DB21E3018A308003C57D4 /* Hl7Core */ = {
			isa = XCSwiftPackageProductDependency;
			productName = Hl7Core;
		};
		7984080830176333001DECB3 /* Hl7Core */ = {
			isa = XCSwiftPackageProductDependency;
			productName = Hl7Core;
		};
		7984080B30176606001DECB3 /* Hl7Core */ = {
			isa = XCSwiftPackageProductDependency;
			productName = Hl7Core;
		};
		7984080E301767D0001DECB3 /* Hl7Core */ = {
			isa = XCSwiftPackageProductDependency;
			productName = Hl7Core;
		};
		79854EF52FFBD92800CA40F5 /* Hl7Core */ = {
			isa = XCSwiftPackageProductDependency;
			productName = Hl7Core;
		};
		79A3C41A3032F7620066409B /* Hl7Core */ = {
			isa = XCSwiftPackageProductDependency;
			productName = Hl7Core;
		};
		79A3C41D303485270066409B /* FirebaseCore */ = {
			isa = XCSwiftPackageProductDependency;
			package = 79A3C41C303485270066409B /* XCRemoteSwiftPackageReference "firebase-ios-sdk" */;
			productName = FirebaseCore;
		};
		79A3C41F303485270066409B /* FirebaseMessaging */ = {
			isa = XCSwiftPackageProductDependency;
			package = 79A3C41C303485270066409B /* XCRemoteSwiftPackageReference "firebase-ios-sdk" */;
			productName = FirebaseMessaging;
		};
		79C738482FF6730400E82B4E /* Hl7Core */ = {
			isa = XCSwiftPackageProductDependency;
			productName = Hl7Core;
		};
		79C7384B2FF6731E00E82B4E /* Hl7Core */ = {
			isa = XCSwiftPackageProductDependency;
			productName = Hl7Core;
		};
/* End XCSwiftPackageProductDependency section */
	};
	rootObject = 473A48ED2EB4F11200EEA905 /* Project object */;
}
